
Microsoft Visual Studio Solution File, Format Version 12.00
# Visual Studio Version 17
VisualStudioVersion = 17.7.34031.279
MinimumVisualStudioVersion = 10.0.40219.1
Project("{FAE04EC0-301F-11D3-BF4B-00C04F79EFBC}") = "Cqrs-architecture", "Cqrs-architecture.csproj", "{9BF55280-8AA3-485C-8C7B-C5854F134E27}"
EndProject
Project("{FAE04EC0-301F-11D3-BF4B-00C04F79EFBC}") = "Utils", "..\Utils\Utils.csproj", "{4E0D913E-EB79-4A2B-891A-CDC4F4BBBF81}"
EndProject
Project("{FAE04EC0-301F-11D3-BF4B-00C04F79EFBC}") = "Command", "..\Command\Command.csproj", "{A105FAA5-84F3-4275-B109-DA4CA83B6F5D}"
EndProject
Project("{FAE04EC0-301F-11D3-BF4B-00C04F79EFBC}") = "Query", "..\Query\Query.csproj", "{E06CC942-D79A-479B-9077-3C39136F5C88}"
EndProject
Global
	GlobalSection(SolutionConfigurationPlatforms) = preSolution
		Debug|Any CPU = Debug|Any CPU
		Release|Any CPU = Release|Any CPU
	EndGlobalSection
	GlobalSection(ProjectConfigurationPlatforms) = postSolution
		{9BF55280-8AA3-485C-8C7B-C5854F134E27}.Debug|Any CPU.ActiveCfg = Debug|Any CPU
		{9BF55280-8AA3-485C-8C7B-C5854F134E27}.Debug|Any CPU.Build.0 = Debug|Any CPU
		{9BF55280-8AA3-485C-8C7B-C5854F134E27}.Release|Any CPU.ActiveCfg = Release|Any CPU
		{9BF55280-8AA3-485C-8C7B-C5854F134E27}.Release|Any CPU.Build.0 = Release|Any CPU
		{4E0D913E-EB79-4A2B-891A-CDC4F4BBBF81}.Debug|Any CPU.ActiveCfg = Debug|Any CPU
		{4E0D913E-EB79-4A2B-891A-CDC4F4BBBF81}.Debug|Any CPU.Build.0 = Debug|Any CPU
		{4E0D913E-EB79-4A2B-891A-CDC4F4BBBF81}.Release|Any CPU.ActiveCfg = Release|Any CPU
		{4E0D913E-EB79-4A2B-891A-CDC4F4BBBF81}.Release|Any CPU.Build.0 = Release|Any CPU
		{A105FAA5-84F3-4275-B109-DA4CA83B6F5D}.Debug|Any CPU.ActiveCfg = Debug|Any CPU
		{A105FAA5-84F3-4275-B109-DA4CA83B6F5D}.Debug|Any CPU.Build.0 = Debug|Any CPU
		{A105FAA5-84F3-4275-B109-DA4CA83B6F5D}.Release|Any CPU.ActiveCfg = Release|Any CPU
		{A105FAA5-84F3-4275-B109-DA4CA83B6F5D}.Release|Any CPU.Build.0 = Release|Any CPU
		{E06CC942-D79A-479B-9077-3C39136F5C88}.Debug|Any CPU.ActiveCfg = Debug|Any CPU
		{E06CC942-D79A-479B-9077-3C39136F5C88}.Debug|Any CPU.Build.0 = Debug|Any CPU
		{E06CC942-D79A-479B-9077-3C39136F5C88}.Release|Any CPU.ActiveCfg = Release|Any CPU
		{E06CC942-D79A-479B-9077-3C39136F5C88}.Release|Any CPU.Build.0 = Release|Any CPU
	EndGlobalSection
	GlobalSection(SolutionProperties) = preSolution
		HideSolutionNode = FALSE
	EndGlobalSection
	GlobalSection(ExtensibilityGlobals) = postSolution
		SolutionGuid = {E07BB611-26F7-4BC6-994F-CFCE801A391C}
	EndGlobalSection
EndGlobal
